// !$*UTF8*$!
{
	archiveVersion = 1;
	classes = {
	};
	objectVersion = 50;
	objects = {

/* Begin PBXBuildFile section */
		AFB68CDC25E0D5F100AF2303 /* AppDelegate.swift in Sources */ = {isa = PBXBuildFile; fileRef = AFB68CDB25E0D5F100AF2303 /* AppDelegate.swift */; };
		AFB68CDE25E0D5F100AF2303 /* SceneDelegate.swift in Sources */ = {isa = PBXBuildFile; fileRef = AFB68CDD25E0D5F100AF2303 /* SceneDelegate.swift */; };
		AFB68CE025E0D5F100AF2303 /* ViewController.swift in Sources */ = {isa = PBXBuildFile; fileRef = AFB68CDF25E0D5F100AF2303 /* ViewController.swift */; };
		AFB68CE325E0D5F100AF2303 /* Main.storyboard in Resources */ = {isa = PBXBuildFile; fileRef = AFB68CE125E0D5F100AF2303 /* Main.storyboard */; };
		AFB68CE525E0D5F200AF2303 /* Assets.xcassets in Resources */ = {isa = PBXBuildFile; fileRef = AFB68CE425E0D5F200AF2303 /* Assets.xcassets */; };
		AFB68CE825E0D5F200AF2303 /* LaunchScreen.storyboard in Resources */ = {isa = PBXBuildFile; fileRef = AFB68CE625E0D5F200AF2303 /* LaunchScreen.storyboard */; };
		AFB68CF325E0D99800AF2303 /* 1.jpg in Resources */ = {isa = PBXBuildFile; fileRef = AFB68CF025E0D99800AF2303 /* 1.jpg */; };
		AFB68CF525E0D99800AF2303 /* 2.jpg in Resources */ = {isa = PBXBuildFile; fileRef = AFB68CF225E0D99800AF2303 /* 2.jpg */; };
		AFB68CFE25E0E5D400AF2303 /* 3.jpg in Resources */ = {isa = PBXBuildFile; fileRef = AFB68CFD25E0E5D400AF2303 /* 3.jpg */; };
/* End PBXBuildFile section */

/* Begin PBXContainerItemProxy section */
		AFB68D0425E0E92E00AF2303 /* PBXContainerItemProxy */ = {
			isa = PBXContainerItemProxy;
			containerPortal = AFB68D0025E0E92E00AF2303 /* ImageView.xcodeproj */;
			proxyType = 2;
			remoteGlobalIDString = B56A95AD254C5EA10021120F;
			remoteInfo = ImageView;
		};
		AFB68D0C25E0E93A00AF2303 /* PBXContainerItemProxy */ = {
			isa = PBXContainerItemProxy;
			containerPortal = AFB68D0825E0E93A00AF2303 /* ImageView.xcodeproj */;
			proxyType = 2;
			remoteGlobalIDString = B56A95AD254C5EA10021120F;
			remoteInfo = ImageView;
		};
/* End PBXContainerItemProxy section */

/* Begin PBXFileReference section */
		AFB68CD825E0D5F100AF2303 /* PhotoViewer.app */ = {isa = PBXFileReference; explicitFileType = wrapper.application; includeInIndex = 0; path = PhotoViewer.app; sourceTree = BUILT_PRODUCTS_DIR; };
		AFB68CDB25E0D5F100AF2303 /* AppDelegate.swift */ = {isa = PBXFileReference; lastKnownFileType = sourcecode.swift; path = AppDelegate.swift; sourceTree = "<group>"; };
		AFB68CDD25E0D5F100AF2303 /* SceneDelegate.swift */ = {isa = PBXFileReference; lastKnownFileType = sourcecode.swift; path = SceneDelegate.swift; sourceTree = "<group>"; };
		AFB68CDF25E0D5F100AF2303 /* ViewController.swift */ = {isa = PBXFileReference; lastKnownFileType = sourcecode.swift; path = ViewController.swift; sourceTree = "<group>"; };
		AFB68CE225E0D5F100AF2303 /* Base */ = {isa = PBXFileReference; lastKnownFileType = file.storyboard; name = Base; path = Base.lproj/Main.storyboard; sourceTree = "<group>"; };
		AFB68CE425E0D5F200AF2303 /* Assets.xcassets */ = {isa = PBXFileReference; lastKnownFileType = folder.assetcatalog; path = Assets.xcassets; sourceTree = "<group>"; };
		AFB68CE725E0D5F200AF2303 /* Base */ = {isa = PBXFileReference; lastKnownFileType = file.storyboard; name = Base; path = Base.lproj/LaunchScreen.storyboard; sourceTree = "<group>"; };
		AFB68CE925E0D5F200AF2303 /* Info.plist */ = {isa = PBXFileReference; lastKnownFileType = text.plist.xml; path = Info.plist; sourceTree = "<group>"; };
		AFB68CF025E0D99800AF2303 /* 1.jpg */ = {isa = PBXFileReference; lastKnownFileType = image.jpeg; path = 1.jpg; sourceTree = "<group>"; };
		AFB68CF225E0D99800AF2303 /* 2.jpg */ = {isa = PBXFileReference; lastKnownFileType = image.jpeg; path = 2.jpg; sourceTree = "<group>"; };
		AFB68CFD25E0E5D400AF2303 /* 3.jpg */ = {isa = PBXFileReference; lastKnownFileType = image.jpeg; name = 3.jpg; path = ../../../../Downloads/3.jpg; sourceTree = "<group>"; };
		AFB68D0025E0E92E00AF2303 /* ImageView.xcodeproj */ = {isa = PBXFileReference; lastKnownFileType = "wrapper.pb-project"; name = ImageView.xcodeproj; path = "../../../Downloads/3장/미션/ImageView.xcodeproj"; sourceTree = "<group>"; };
		AFB68D0825E0E93A00AF2303 /* ImageView.xcodeproj */ = {isa = PBXFileReference; lastKnownFileType = "wrapper.pb-project"; name = ImageView.xcodeproj; path = "../../../Downloads/3장/미션/ImageView.xcodeproj"; sourceTree = "<group>"; };
/* End PBXFileReference section */

/* Begin PBXFrameworksBuildPhase section */
		AFB68CD525E0D5F100AF2303 /* Frameworks */ = {
			isa = PBXFrameworksBuildPhase;
			buildActionMask = 2147483647;
			files = (
			);
			runOnlyForDeploymentPostprocessing = 0;
		};
/* End PBXFrameworksBuildPhase section */

/* Begin PBXGroup section */
		AFB68CCF25E0D5F100AF2303 = {
			isa = PBXGroup;
			children = (
				AFB68D0025E0E92E00AF2303 /* ImageView.xcodeproj */,
				AFB68D0825E0E93A00AF2303 /* ImageView.xcodeproj */,
				AFB68CDA25E0D5F100AF2303 /* PhotoViewer */,
				AFB68CD925E0D5F100AF2303 /* Products */,
			);
			sourceTree = "<group>";
		};
		AFB68CD925E0D5F100AF2303 /* Products */ = {
			isa = PBXGroup;
			children = (
				AFB68CD825E0D5F100AF2303 /* PhotoViewer.app */,
			);
			name = Products;
			sourceTree = "<group>";
		};
		AFB68CDA25E0D5F100AF2303 /* PhotoViewer */ = {
			isa = PBXGroup;
			children = (
				AFB68CFD25E0E5D400AF2303 /* 3.jpg */,
				AFB68CF025E0D99800AF2303 /* 1.jpg */,
				AFB68CF225E0D99800AF2303 /* 2.jpg */,
				AFB68CDB25E0D5F100AF2303 /* AppDelegate.swift */,
				AFB68CDD25E0D5F100AF2303 /* SceneDelegate.swift */,
				AFB68CDF25E0D5F100AF2303 /* ViewController.swift */,
				AFB68CE125E0D5F100AF2303 /* Main.storyboard */,
				AFB68CE425E0D5F200AF2303 /* Assets.xcassets */,
				AFB68CE625E0D5F200AF2303 /* LaunchScreen.storyboard */,
				AFB68CE925E0D5F200AF2303 /* Info.plist */,
			);
			path = PhotoViewer;
			sourceTree = "<group>";
		};
		AFB68D0125E0E92E00AF2303 /* Products */ = {
			isa = PBXGroup;
			children = (
				AFB68D0525E0E92E00AF2303 /* ImageView.app */,
			);
			name = Products;
			sourceTree = "<group>";
		};
		AFB68D0925E0E93A00AF2303 /* Products */ = {
			isa = PBXGroup;
			children = (
				AFB68D0D25E0E93A00AF2303 /* ImageView.app */,
			);
			name = Products;
			sourceTree = "<group>";
		};
/* End PBXGroup section */

/* Begin PBXNativeTarget section */
		AFB68CD725E0D5F100AF2303 /* PhotoViewer */ = {
			isa = PBXNativeTarget;
			buildConfigurationList = AFB68CEC25E0D5F200AF2303 /* Build configuration list for PBXNativeTarget "PhotoViewer" */;
			buildPhases = (
				AFB68CD425E0D5F100AF2303 /* Sources */,
				AFB68CD525E0D5F100AF2303 /* Frameworks */,
				AFB68CD625E0D5F100AF2303 /* Resources */,
			);
			buildRules = (
			);
			dependencies = (
			);
			name = PhotoViewer;
			productName = PhotoViewer;
			productReference = AFB68CD825E0D5F100AF2303 /* PhotoViewer.app */;
			productType = "com.apple.product-type.application";
		};
/* End PBXNativeTarget section */

/* Begin PBXProject section */
		AFB68CD025E0D5F100AF2303 /* Project object */ = {
			isa = PBXProject;
			attributes = {
				LastSwiftUpdateCheck = 1240;
				LastUpgradeCheck = 1240;
				TargetAttributes = {
					AFB68CD725E0D5F100AF2303 = {
						CreatedOnToolsVersion = 12.4;
					};
				};
			};
			buildConfigurationList = AFB68CD325E0D5F100AF2303 /* Build configuration list for PBXProject "PhotoViewer" */;
			compatibilityVersion = "Xcode 9.3";
			developmentRegion = en;
			hasScannedForEncodings = 0;
			knownRegions = (
				en,
				Base,
			);
			mainGroup = AFB68CCF25E0D5F100AF2303;
			productRefGroup = AFB68CD925E0D5F100AF2303 /* Products */;
			projectDirPath = "";
			projectReferences = (
				{
					ProductGroup = AFB68D0125E0E92E00AF2303 /* Products */;
					ProjectRef = AFB68D0025E0E92E00AF2303 /* ImageView.xcodeproj */;
				},
				{
					ProductGroup = AFB68D0925E0E93A00AF2303 /* Products */;
					ProjectRef = AFB68D0825E0E93A00AF2303 /* ImageView.xcodeproj */;
				},
			);
			projectRoot = "";
			targets = (
				AFB68CD725E0D5F100AF2303 /* PhotoViewer */,
			);
		};
/* End PBXProject section */

/* Begin PBXReferenceProxy section */
		AFB68D0525E0E92E00AF2303 /* ImageView.app */ = {
			isa = PBXReferenceProxy;
			fileType = wrapper.application;
			path = ImageView.app;
			remoteRef = AFB68D0425E0E92E00AF2303 /* PBXContainerItemProxy */;
			sourceTree = BUILT_PRODUCTS_DIR;
		};
		AFB68D0D25E0E93A00AF2303 /* ImageView.app */ = {
			isa = PBXReferenceProxy;
			fileType = wrapper.application;
			path = ImageView.app;
			remoteRef = AFB68D0C25E0E93A00AF2303 /* PBXContainerItemProxy */;
			sourceTree = BUILT_PRODUCTS_DIR;
		};
/* End PBXReferenceProxy section */

/* Begin PBXResourcesBuildPhase section */
		AFB68CD625E0D5F100AF2303 /* Resources */ = {
			isa = PBXResourcesBuildPhase;
			buildActionMask = 2147483647;
			files = (
				AFB68CF525E0D99800AF2303 /* 2.jpg in Resources */,
				AFB68CE825E0D5F200AF2303 /* LaunchScreen.storyboard in Resources */,
				AFB68CF325E0D99800AF2303 /* 1.jpg in Resources */,
				AFB68CFE25E0E5D400AF2303 /* 3.jpg in Resources */,
				AFB68CE525E0D5F200AF2303 /* Assets.xcassets in Resources */,
				AFB68CE325E0D5F100AF2303 /* Main.storyboard in Resources */,
			);
			runOnlyForDeploymentPostprocessing = 0;
		};
/* End PBXResourcesBuildPhase section */

/* Begin PBXSourcesBuildPhase section */
		AFB68CD425E0D5F100AF2303 /* Sources */ = {
			isa = PBXSourcesBuildPhase;
			buildActionMask = 2147483647;
			files = (
				AFB68CE025E0D5F100AF2303 /* ViewController.swift in Sources */,
				AFB68CDC25E0D5F100AF2303 /* AppDelegate.swift in Sources */,
				AFB68CDE25E0D5F100AF2303 /* SceneDelegate.swift in Sources */,
			);
			runOnlyForDeploymentPostprocessing = 0;
		};
/* End PBXSourcesBuildPhase section */

/* Begin PBXVariantGroup section */
		AFB68CE125E0D5F100AF2303 /* Main.storyboard */ = {
			isa = PBXVariantGroup;
			children = (
				AFB68CE225E0D5F100AF2303 /* Base */,
			);
			name = Main.storyboard;
			sourceTree = "<group>";
		};
		AFB68CE625E0D5F200AF2303 /* LaunchScreen.storyboard */ = {
			isa = PBXVariantGroup;
			children = (
				AFB68CE725E0D5F200AF2303 /* Base */,
			);
			name = LaunchScreen.storyboard;
			sourceTree = "<group>";
		};
/* End PBXVariantGroup section */

/* Begin XCBuildConfiguration section */
		AFB68CEA25E0D5F200AF2303 /* Debug */ = {
			isa = XCBuildConfiguration;
			buildSettings = {
				ALWAYS_SEARCH_USER_PATHS = NO;
				CLANG_ANALYZER_NONNULL = YES;
				CLANG_ANALYZER_NUMBER_OBJECT_CONVERSION = YES_AGGRESSIVE;
				CLANG_CXX_LANGUAGE_STANDARD = "gnu++14";
				CLANG_CXX_LIBRARY = "libc++";
				CLANG_ENABLE_MODULES = YES;
				CLANG_ENABLE_OBJC_ARC = YES;
				CLANG_ENABLE_OBJC_WEAK = YES;
				CLANG_WARN_BLOCK_CAPTURE_AUTORELEASING = YES;
				CLANG_WARN_BOOL_CONVERSION = YES;
				CLANG_WARN_COMMA = YES;
				CLANG_WARN_CONSTANT_CONVERSION = YES;
				CLANG_WARN_DEPRECATED_OBJC_IMPLEMENTATIONS = YES;
				CLANG_WARN_DIRECT_OBJC_ISA_USAGE = YES_ERROR;
				CLANG_WARN_DOCUMENTATION_COMMENTS = YES;
				CLANG_WARN_EMPTY_BODY = YES;
				CLANG_WARN_ENUM_CONVERSION = YES;
				CLANG_WARN_INFINITE_RECURSION = YES;
				CLANG_WARN_INT_CONVERSION = YES;
				CLANG_WARN_NON_LITERAL_NULL_CONVERSION = YES;
				CLANG_WARN_OBJC_IMPLICIT_RETAIN_SELF = YES;
				CLANG_WARN_OBJC_LITERAL_CONVERSION = YES;
				CLANG_WARN_OBJC_ROOT_CLASS = YES_ERROR;
				CLANG_WARN_QUOTED_INCLUDE_IN_FRAMEWORK_HEADER = YES;
				CLANG_WARN_RANGE_LOOP_ANALYSIS = YES;
				CLANG_WARN_STRICT_PROTOTYPES = YES;
				CLANG_WARN_SUSPICIOUS_MOVE = YES;
				CLANG_WARN_UNGUARDED_AVAILABILITY = YES_AGGRESSIVE;
				CLANG_WARN_UNREACHABLE_CODE = YES;
				CLANG_WARN__DUPLICATE_METHOD_MATCH = YES;
				COPY_PHASE_STRIP = NO;
				DEBUG_INFORMATION_FORMAT = dwarf;
				ENABLE_STRICT_OBJC_MSGSEND = YES;
				ENABLE_TESTABILITY = YES;
				GCC_C_LANGUAGE_STANDARD = gnu11;
				GCC_DYNAMIC_NO_PIC = NO;
				GCC_NO_COMMON_BLOCKS = YES;
				GCC_OPTIMIZATION_LEVEL = 0;
				GCC_PREPROCESSOR_DEFINITIONS = (
					"DEBUG=1",
					"$(inherited)",
				);
				GCC_WARN_64_TO_32_BIT_CONVERSION = YES;
				GCC_WARN_ABOUT_RETURN_TYPE = YES_ERROR;
				GCC_WARN_UNDECLARED_SELECTOR = YES;
				GCC_WARN_UNINITIALIZED_AUTOS = YES_AGGRESSIVE;
				GCC_WARN_UNUSED_FUNCTION = YES;
				GCC_WARN_UNUSED_VARIABLE = YES;
				IPHONEOS_DEPLOYMENT_TARGET = 14.4;
				MTL_ENABLE_DEBUG_INFO = INCLUDE_SOURCE;
				MTL_FAST_MATH = YES;
				ONLY_ACTIVE_ARCH = YES;
				SDKROOT = iphoneos;
				SWIFT_ACTIVE_COMPILATION_CONDITIONS = DEBUG;
				SWIFT_OPTIMIZATION_LEVEL = "-Onone";
			};
			name = Debug;
		};
		AFB68CEB25E0D5F200AF2303 /* Release */ = {
			isa = XCBuildConfiguration;
			buildSettings = {
				ALWAYS_SEARCH_USER_PATHS = NO;
				CLANG_ANALYZER_NONNULL = YES;
				CLANG_ANALYZER_NUMBER_OBJECT_CONVERSION = YES_AGGRESSIVE;
				CLANG_CXX_LANGUAGE_STANDARD = "gnu++14";
				CLANG_CXX_LIBRARY = "libc++";
				CLANG_ENABLE_MODULES = YES;
				CLANG_ENABLE_OBJC_ARC = YES;
				CLANG_ENABLE_OBJC_WEAK = YES;
				CLANG_WARN_BLOCK_CAPTURE_AUTORELEASING = YES;
				CLANG_WARN_BOOL_CONVERSION = YES;
				CLANG_WARN_COMMA = YES;
				CLANG_WARN_CONSTANT_CONVERSION = YES;
				CLANG_WARN_DEPRECATED_OBJC_IMPLEMENTATIONS = YES;
				CLANG_WARN_DIRECT_OBJC_ISA_USAGE = YES_ERROR;
				CLANG_WARN_DOCUMENTATION_COMMENTS = YES;
				CLANG_WARN_EMPTY_BODY = YES;
				CLANG_WARN_ENUM_CONVERSION = YES;
				CLANG_WARN_INFINITE_RECURSION = YES;
				CLANG_WARN_INT_CONVERSION = YES;
				CLANG_WARN_NON_LITERAL_NULL_CONVERSION = YES;
				CLANG_WARN_OBJC_IMPLICIT_RETAIN_SELF = YES;
				CLANG_WARN_OBJC_LITERAL_CONVERSION = YES;
				CLANG_WARN_OBJC_ROOT_CLASS = YES_ERROR;
				CLANG_WARN_QUOTED_INCLUDE_IN_FRAMEWORK_HEADER = YES;
				CLANG_WARN_RANGE_LOOP_ANALYSIS = YES;
				CLANG_WARN_STRICT_PROTOTYPES = YES;
				CLANG_WARN_SUSPICIOUS_MOVE = YES;
				CLANG_WARN_UNGUARDED_AVAILABILITY = YES_AGGRESSIVE;
				CLANG_WARN_UNREACHABLE_CODE = YES;
				CLANG_WARN__DUPLICATE_METHOD_MATCH = YES;
				COPY_PHASE_STRIP = NO;
				DEBUG_INFORMATION_FORMAT = "dwarf-with-dsym";
				ENABLE_NS_ASSERTIONS = NO;
				ENABLE_STRICT_OBJC_MSGSEND = YES;
				GCC_C_LANGUAGE_STANDARD = gnu11;
				GCC_NO_COMMON_BLOCKS = YES;
				GCC_WARN_64_TO_32_BIT_CONVERSION = YES;
				GCC_WARN_ABOUT_RETURN_TYPE = YES_ERROR;
				GCC_WARN_UNDECLARED_SELECTOR = YES;
				GCC_WARN_UNINITIALIZED_AUTOS = YES_AGGRESSIVE;
				GCC_WARN_UNUSED_FUNCTION = YES;
				GCC_WARN_UNUSED_VARIABLE = YES;
				IPHONEOS_DEPLOYMENT_TARGET = 14.4;
				MTL_ENABLE_DEBUG_INFO = NO;
				MTL_FAST_MATH = YES;
				SDKROOT = iphoneos;
				SWIFT_COMPILATION_MODE = wholemodule;
				SWIFT_OPTIMIZATION_LEVEL = "-O";
				VALIDATE_PRODUCT = YES;
			};
			name = Release;
		};
		AFB68CED25E0D5F200AF2303 /* Debug */ = {
			isa = XCBuildConfiguration;
			buildSettings = {
				ASSETCATALOG_COMPILER_APPICON_NAME = AppIcon;
				ASSETCATALOG_COMPILER_GLOBAL_ACCENT_COLOR_NAME = AccentColor;
				CODE_SIGN_STYLE = Automatic;
				DEVELOPMENT_TEAM = 62DC64GHY9;
				INFOPLIST_FILE = PhotoViewer/Info.plist;
				LD_RUNPATH_SEARCH_PATHS = (
					"$(inherited)",
					"@executable_path/Frameworks",
				);
				PRODUCT_BUNDLE_IDENTIFIER = "https---time-piece.tistory.com-.PhotoViewer";
				PRODUCT_NAME = "$(TARGET_NAME)";
				SWIFT_VERSION = 5.0;
				TARGETED_DEVICE_FAMILY = "1,2";
			};
			name = Debug;
		};
		AFB68CEE25E0D5F200AF2303 /* Release */ = {
			isa = XCBuildConfiguration;
			buildSettings = {
				ASSETCATALOG_COMPILER_APPICON_NAME = AppIcon;
				ASSETCATALOG_COMPILER_GLOBAL_ACCENT_COLOR_NAME = AccentColor;
				CODE_SIGN_STYLE = Automatic;
				DEVELOPMENT_TEAM = 62DC64GHY9;
				INFOPLIST_FILE = PhotoViewer/Info.plist;
				LD_RUNPATH_SEARCH_PATHS = (
					"$(inherited)",
					"@executable_path/Frameworks",
				);
				PRODUCT_BUNDLE_IDENTIFIER = "https---time-piece.tistory.com-.PhotoViewer";
				PRODUCT_NAME = "$(TARGET_NAME)";
				SWIFT_VERSION = 5.0;
				TARGETED_DEVICE_FAMILY = "1,2";
			};
			name = Release;
		};
/* End XCBuildConfiguration section */

/* Begin XCConfigurationList section */
		AFB68CD325E0D5F100AF2303 /* Build configuration list for PBXProject "PhotoViewer" */ = {
			isa = XCConfigurationList;
			buildConfigurations = (
				AFB68CEA25E0D5F200AF2303 /* Debug */,
				AFB68CEB25E0D5F200AF2303 /* Release */,
			);
			defaultConfigurationIsVisible = 0;
			defaultConfigurationName = Release;
		};
		AFB68CEC25E0D5F200AF2303 /* Build configuration list for PBXNativeTarget "PhotoViewer" */ = {
			isa = XCConfigurationList;
			buildConfigurations = (
				AFB68CED25E0D5F200AF2303 /* Debug */,
				AFB68CEE25E0D5F200AF2303 /* Release */,
			);
			defaultConfigurationIsVisible = 0;
			defaultConfigurationName = Release;
		};
/* End XCConfigurationList section */
	};
	rootObject = AFB68CD025E0D5F100AF2303 /* Project object */;
}
